
Microsoft Visual Studio Solution File, Format Version 12.00
# Visual Studio Version 17
VisualStudioVersion = 17.0.31903.59
MinimumVisualStudioVersion = 10.0.40219.1
Project("{2150E333-8FDC-42A3-9474-1A3956D46DE8}") = "src", "src", "{94CC08F1-8110-43C9-B4DE-F9D3FC4590BA}"
EndProject
Project("{2150E333-8FDC-42A3-9474-1A3956D46DE8}") = "doc", "doc", "{00DCEDFC-CDCC-4D27-B061-77D4E03B0CEA}"
	ProjectSection(SolutionItems) = preProject
		README.md = README.md
	EndProjectSection
EndProject
Project("{9A19103F-16F7-4668-BE54-9A1E7A4F7556}") = "SerialPort2NamedPipeConnector", "src\SerialPort2NamedPipeConnector\SerialPort2NamedPipeConnector.csproj", "{1A8D29CB-7F56-495B-93BA-12199E5D61FF}"
EndProject
Global
	GlobalSection(SolutionConfigurationPlatforms) = preSolution
		Debug|Any CPU = Debug|Any CPU
		Release|Any CPU = Release|Any CPU
	EndGlobalSection
	GlobalSection(ProjectConfigurationPlatforms) = postSolution
		{1A8D29CB-7F56-495B-93BA-12199E5D61FF}.Debug|Any CPU.ActiveCfg = Debug|Any CPU
		{1A8D29CB-7F56-495B-93BA-12199E5D61FF}.Debug|Any CPU.Build.0 = Debug|Any CPU
		{1A8D29CB-7F56-495B-93BA-12199E5D61FF}.Release|Any CPU.ActiveCfg = Release|Any CPU
		{1A8D29CB-7F56-495B-93BA-12199E5D61FF}.Release|Any CPU.Build.0 = Release|Any CPU
	EndGlobalSection
	GlobalSection(SolutionProperties) = preSolution
		HideSolutionNode = FALSE
	EndGlobalSection
	GlobalSection(NestedProjects) = preSolution
		{1A8D29CB-7F56-495B-93BA-12199E5D61FF} = {94CC08F1-8110-43C9-B4DE-F9D3FC4590BA}
	EndGlobalSection
	GlobalSection(ExtensibilityGlobals) = postSolution
		SolutionGuid = {F2F1A5DC-A869-4CF1-B624-375D49991346}
	EndGlobalSection
EndGlobal
